
Microsoft Visual Studio Solution File, Format Version 12.00
# Visual Studio Version 16
VisualStudioVersion = 16.0.30524.135
MinimumVisualStudioVersion = 10.0.40219.1
Project("{9A19103F-16F7-4668-BE54-9A1E7A4F7556}") = "DayPilot", "DayPilot\DayPilot.csproj", "{09DE86A1-9F24-47B3-9338-8FC7ED3A22C9}"
EndProject
Global
	GlobalSection(SolutionConfigurationPlatforms) = preSolution
		Debug|Any CPU = Debug|Any CPU
		Release|Any CPU = Release|Any CPU
	EndGlobalSection
	GlobalSection(ProjectConfigurationPlatforms) = postSolution
		{09DE86A1-9F24-47B3-9338-8FC7ED3A22C9}.Debug|Any CPU.ActiveCfg = Debug|Any CPU
		{09DE86A1-9F24-47B3-9338-8FC7ED3A22C9}.Debug|Any CPU.Build.0 = Debug|Any CPU
		{09DE86A1-9F24-47B3-9338-8FC7ED3A22C9}.Release|Any CPU.ActiveCfg = Release|Any CPU
		{09DE86A1-9F24-47B3-9338-8FC7ED3A22C9}.Release|Any CPU.Build.0 = Release|Any CPU
	EndGlobalSection
	GlobalSection(SolutionProperties) = preSolution
		HideSolutionNode = FALSE
	EndGlobalSection
	GlobalSection(ExtensibilityGlobals) = postSolution
		SolutionGuid = {4294A5D1-6577-46E4-A710-02B4E7CAE7D9}
	EndGlobalSection
EndGlobal
